
Microsoft Visual Studio Solution File, Format Version 12.00
# Visual Studio Version 17
VisualStudioVersion = 17.6.33815.320
MinimumVisualStudioVersion = 10.0.40219.1
Project("{FAE04EC0-301F-11D3-BF4B-00C04F79EFBC}") = "HelloEXE", "HelloEXE\HelloEXE.csproj", "{0AC41751-6127-4FD9-B5E0-8FC266AEDDDC}"
EndProject
Project("{930C7802-8A8C-48F9-8165-68863BCCD9DD}") = "setup", "setup\setup.wixproj", "{452FD9D8-2237-4D12-A40C-8E9A9064AC38}"
EndProject
Project("{FAE04EC0-301F-11D3-BF4B-00C04F79EFBC}") = "HelloDLL001", "HelloDLL001\HelloDLL001.csproj", "{415B6E4D-F117-4256-9C8A-E380CE6C7153}"
EndProject
Project("{FAE04EC0-301F-11D3-BF4B-00C04F79EFBC}") = "HelloDLL002", "HelloDLL002\HelloDLL002.csproj", "{FA994CCB-2552-496D-8660-4887CECCB271}"
EndProject
Project("{FAE04EC0-301F-11D3-BF4B-00C04F79EFBC}") = "HelloDLL003", "HelloDLL003\HelloDLL003.csproj", "{E1D59B03-24B9-4588-B40C-65B0638A1780}"
EndProject
Project("{FAE04EC0-301F-11D3-BF4B-00C04F79EFBC}") = "HelloDLL004", "HelloDLL004\HelloDLL004.csproj", "{A10DE165-AEA7-43F6-B20D-F22C1A6CDA31}"
EndProject
Project("{FAE04EC0-301F-11D3-BF4B-00C04F79EFBC}") = "HelloDLL005", "HelloDLL005\HelloDLL005.csproj", "{5789FAB8-EBD1-4741-84F4-670E196D4A6D}"
EndProject
Project("{FAE04EC0-301F-11D3-BF4B-00C04F79EFBC}") = "HelloDLL006", "HelloDLL006\HelloDLL006.csproj", "{E40C6968-73B5-4BAD-A828-A697A17D80D8}"
EndProject
Project("{FAE04EC0-301F-11D3-BF4B-00C04F79EFBC}") = "HelloDLL007", "HelloDLL007\HelloDLL007.csproj", "{CCB902BC-F4BF-4F9C-A539-20D94F1D613A}"
EndProject
Project("{FAE04EC0-301F-11D3-BF4B-00C04F79EFBC}") = "HelloDLL008", "HelloDLL008\HelloDLL008.csproj", "{0AC6E8D6-3FF3-4CAC-8CCE-CD7795F2955C}"
EndProject
Project("{FAE04EC0-301F-11D3-BF4B-00C04F79EFBC}") = "HelloDLL009", "HelloDLL009\HelloDLL009.csproj", "{8EE4F75C-EBEA-4715-88CB-720670847970}"
EndProject
Project("{FAE04EC0-301F-11D3-BF4B-00C04F79EFBC}") = "HelloDLL010", "HelloDLL010\HelloDLL010.csproj", "{20812334-5F29-4B67-A8C3-5F2874F98DC7}"
EndProject
Project("{FAE04EC0-301F-11D3-BF4B-00C04F79EFBC}") = "HelloDLL011", "HelloDLL011\HelloDLL011.csproj", "{03F7098C-3C1B-4160-AC8B-93F576707EFC}"
EndProject
Project("{FAE04EC0-301F-11D3-BF4B-00C04F79EFBC}") = "HelloDLL012", "HelloDLL012\HelloDLL012.csproj", "{E970411B-FF9D-47D5-9577-EFD4F571C593}"
EndProject
Project("{FAE04EC0-301F-11D3-BF4B-00C04F79EFBC}") = "HelloDLL013", "HelloDLL013\HelloDLL013.csproj", "{D3845AD5-05F4-4222-A366-CE4BA9BDBC96}"
EndProject
Project("{FAE04EC0-301F-11D3-BF4B-00C04F79EFBC}") = "HelloDLL014", "HelloDLL014\HelloDLL014.csproj", "{BAE266AC-3463-47AF-A345-C88B37A9688C}"
EndProject
Project("{FAE04EC0-301F-11D3-BF4B-00C04F79EFBC}") = "HelloDLL015", "HelloDLL015\HelloDLL015.csproj", "{22B2381D-854A-4204-9914-D156C4240904}"
EndProject
Project("{FAE04EC0-301F-11D3-BF4B-00C04F79EFBC}") = "HelloDLL016", "HelloDLL016\HelloDLL016.csproj", "{62E1073E-2AFD-4811-A288-C7B80C74F78B}"
EndProject
Project("{FAE04EC0-301F-11D3-BF4B-00C04F79EFBC}") = "HelloDLL017", "HelloDLL017\HelloDLL017.csproj", "{564B7CBC-2C63-4918-90D3-D7B58374F74B}"
EndProject
Project("{FAE04EC0-301F-11D3-BF4B-00C04F79EFBC}") = "HelloDLL018", "HelloDLL018\HelloDLL018.csproj", "{9C81E979-9B38-473A-BE24-1324F36E4084}"
EndProject
Project("{FAE04EC0-301F-11D3-BF4B-00C04F79EFBC}") = "HelloDLL019", "HelloDLL019\HelloDLL019.csproj", "{EF608DEB-3E33-494A-9412-F9346A26ABCB}"
EndProject
Project("{FAE04EC0-301F-11D3-BF4B-00C04F79EFBC}") = "HelloDLL020", "HelloDLL020\HelloDLL020.csproj", "{81B51E69-96ED-4AB5-9266-E426FA4F5637}"
EndProject
Global
	GlobalSection(SolutionConfigurationPlatforms) = preSolution
		Debug|Any CPU = Debug|Any CPU
		Debug|x86 = Debug|x86
		Release|Any CPU = Release|Any CPU
		Release|x86 = Release|x86
	EndGlobalSection
	GlobalSection(ProjectConfigurationPlatforms) = postSolution
		{0AC41751-6127-4FD9-B5E0-8FC266AEDDDC}.Debug|Any CPU.ActiveCfg = Debug|Any CPU
		{0AC41751-6127-4FD9-B5E0-8FC266AEDDDC}.Debug|Any CPU.Build.0 = Debug|Any CPU
		{0AC41751-6127-4FD9-B5E0-8FC266AEDDDC}.Debug|x86.ActiveCfg = Debug|Any CPU
		{0AC41751-6127-4FD9-B5E0-8FC266AEDDDC}.Debug|x86.Build.0 = Debug|Any CPU
		{0AC41751-6127-4FD9-B5E0-8FC266AEDDDC}.Release|Any CPU.ActiveCfg = Release|Any CPU
		{0AC41751-6127-4FD9-B5E0-8FC266AEDDDC}.Release|Any CPU.Build.0 = Release|Any CPU
		{0AC41751-6127-4FD9-B5E0-8FC266AEDDDC}.Release|x86.ActiveCfg = Release|Any CPU
		{0AC41751-6127-4FD9-B5E0-8FC266AEDDDC}.Release|x86.Build.0 = Release|Any CPU
		{452FD9D8-2237-4D12-A40C-8E9A9064AC38}.Debug|Any CPU.ActiveCfg = Debug|x86
		{452FD9D8-2237-4D12-A40C-8E9A9064AC38}.Debug|Any CPU.Build.0 = Debug|x86
		{452FD9D8-2237-4D12-A40C-8E9A9064AC38}.Debug|x86.ActiveCfg = Debug|x86
		{452FD9D8-2237-4D12-A40C-8E9A9064AC38}.Debug|x86.Build.0 = Debug|x86
		{452FD9D8-2237-4D12-A40C-8E9A9064AC38}.Release|Any CPU.ActiveCfg = Release|x86
		{452FD9D8-2237-4D12-A40C-8E9A9064AC38}.Release|Any CPU.Build.0 = Release|x86
		{452FD9D8-2237-4D12-A40C-8E9A9064AC38}.Release|x86.ActiveCfg = Release|x86
		{452FD9D8-2237-4D12-A40C-8E9A9064AC38}.Release|x86.Build.0 = Release|x86
		{415B6E4D-F117-4256-9C8A-E380CE6C7153}.Debug|Any CPU.ActiveCfg = Debug|Any CPU
		{415B6E4D-F117-4256-9C8A-E380CE6C7153}.Debug|Any CPU.Build.0 = Debug|Any CPU
		{415B6E4D-F117-4256-9C8A-E380CE6C7153}.Debug|x86.ActiveCfg = Debug|Any CPU
		{415B6E4D-F117-4256-9C8A-E380CE6C7153}.Debug|x86.Build.0 = Debug|Any CPU
		{415B6E4D-F117-4256-9C8A-E380CE6C7153}.Release|Any CPU.ActiveCfg = Release|Any CPU
		{415B6E4D-F117-4256-9C8A-E380CE6C7153}.Release|Any CPU.Build.0 = Release|Any CPU
		{415B6E4D-F117-4256-9C8A-E380CE6C7153}.Release|x86.ActiveCfg = Release|Any CPU
		{415B6E4D-F117-4256-9C8A-E380CE6C7153}.Release|x86.Build.0 = Release|Any CPU
		{FA994CCB-2552-496D-8660-4887CECCB271}.Debug|Any CPU.ActiveCfg = Debug|Any CPU
		{FA994CCB-2552-496D-8660-4887CECCB271}.Debug|Any CPU.Build.0 = Debug|Any CPU
		{FA994CCB-2552-496D-8660-4887CECCB271}.Debug|x86.ActiveCfg = Debug|Any CPU
		{FA994CCB-2552-496D-8660-4887CECCB271}.Debug|x86.Build.0 = Debug|Any CPU
		{FA994CCB-2552-496D-8660-4887CECCB271}.Release|Any CPU.ActiveCfg = Release|Any CPU
		{FA994CCB-2552-496D-8660-4887CECCB271}.Release|Any CPU.Build.0 = Release|Any CPU
		{FA994CCB-2552-496D-8660-4887CECCB271}.Release|x86.ActiveCfg = Release|Any CPU
		{FA994CCB-2552-496D-8660-4887CECCB271}.Release|x86.Build.0 = Release|Any CPU
		{E1D59B03-24B9-4588-B40C-65B0638A1780}.Debug|Any CPU.ActiveCfg = Debug|Any CPU
		{E1D59B03-24B9-4588-B40C-65B0638A1780}.Debug|Any CPU.Build.0 = Debug|Any CPU
		{E1D59B03-24B9-4588-B40C-65B0638A1780}.Debug|x86.ActiveCfg = Debug|Any CPU
		{E1D59B03-24B9-4588-B40C-65B0638A1780}.Debug|x86.Build.0 = Debug|Any CPU
		{E1D59B03-24B9-4588-B40C-65B0638A1780}.Release|Any CPU.ActiveCfg = Release|Any CPU
		{E1D59B03-24B9-4588-B40C-65B0638A1780}.Release|Any CPU.Build.0 = Release|Any CPU
		{E1D59B03-24B9-4588-B40C-65B0638A1780}.Release|x86.ActiveCfg = Release|Any CPU
		{E1D59B03-24B9-4588-B40C-65B0638A1780}.Release|x86.Build.0 = Release|Any CPU
		{A10DE165-AEA7-43F6-B20D-F22C1A6CDA31}.Debug|Any CPU.ActiveCfg = Debug|Any CPU
		{A10DE165-AEA7-43F6-B20D-F22C1A6CDA31}.Debug|Any CPU.Build.0 = Debug|Any CPU
		{A10DE165-AEA7-43F6-B20D-F22C1A6CDA31}.Debug|x86.ActiveCfg = Debug|Any CPU
		{A10DE165-AEA7-43F6-B20D-F22C1A6CDA31}.Debug|x86.Build.0 = Debug|Any CPU
		{A10DE165-AEA7-43F6-B20D-F22C1A6CDA31}.Release|Any CPU.ActiveCfg = Release|Any CPU
		{A10DE165-AEA7-43F6-B20D-F22C1A6CDA31}.Release|Any CPU.Build.0 = Release|Any CPU
		{A10DE165-AEA7-43F6-B20D-F22C1A6CDA31}.Release|x86.ActiveCfg = Release|Any CPU
		{A10DE165-AEA7-43F6-B20D-F22C1A6CDA31}.Release|x86.Build.0 = Release|Any CPU
		{5789FAB8-EBD1-4741-84F4-670E196D4A6D}.Debug|Any CPU.ActiveCfg = Debug|Any CPU
		{5789FAB8-EBD1-4741-84F4-670E196D4A6D}.Debug|Any CPU.Build.0 = Debug|Any CPU
		{5789FAB8-EBD1-4741-84F4-670E196D4A6D}.Debug|x86.ActiveCfg = Debug|Any CPU
		{5789FAB8-EBD1-4741-84F4-670E196D4A6D}.Debug|x86.Build.0 = Debug|Any CPU
		{5789FAB8-EBD1-4741-84F4-670E196D4A6D}.Release|Any CPU.ActiveCfg = Release|Any CPU
		{5789FAB8-EBD1-4741-84F4-670E196D4A6D}.Release|Any CPU.Build.0 = Release|Any CPU
		{5789FAB8-EBD1-4741-84F4-670E196D4A6D}.Release|x86.ActiveCfg = Release|Any CPU
		{5789FAB8-EBD1-4741-84F4-670E196D4A6D}.Release|x86.Build.0 = Release|Any CPU
		{E40C6968-73B5-4BAD-A828-A697A17D80D8}.Debug|Any CPU.ActiveCfg = Debug|Any CPU
		{E40C6968-73B5-4BAD-A828-A697A17D80D8}.Debug|Any CPU.Build.0 = Debug|Any CPU
		{E40C6968-73B5-4BAD-A828-A697A17D80D8}.Debug|x86.ActiveCfg = Debug|Any CPU
		{E40C6968-73B5-4BAD-A828-A697A17D80D8}.Debug|x86.Build.0 = Debug|Any CPU
		{E40C6968-73B5-4BAD-A828-A697A17D80D8}.Release|Any CPU.ActiveCfg = Release|Any CPU
		{E40C6968-73B5-4BAD-A828-A697A17D80D8}.Release|Any CPU.Build.0 = Release|Any CPU
		{E40C6968-73B5-4BAD-A828-A697A17D80D8}.Release|x86.ActiveCfg = Release|Any CPU
		{E40C6968-73B5-4BAD-A828-A697A17D80D8}.Release|x86.Build.0 = Release|Any CPU
		{CCB902BC-F4BF-4F9C-A539-20D94F1D613A}.Debug|Any CPU.ActiveCfg = Debug|Any CPU
		{CCB902BC-F4BF-4F9C-A539-20D94F1D613A}.Debug|Any CPU.Build.0 = Debug|Any CPU
		{CCB902BC-F4BF-4F9C-A539-20D94F1D613A}.Debug|x86.ActiveCfg = Debug|Any CPU
		{CCB902BC-F4BF-4F9C-A539-20D94F1D613A}.Debug|x86.Build.0 = Debug|Any CPU
		{CCB902BC-F4BF-4F9C-A539-20D94F1D613A}.Release|Any CPU.ActiveCfg = Release|Any CPU
		{CCB902BC-F4BF-4F9C-A539-20D94F1D613A}.Release|Any CPU.Build.0 = Release|Any CPU
		{CCB902BC-F4BF-4F9C-A539-20D94F1D613A}.Release|x86.ActiveCfg = Release|Any CPU
		{CCB902BC-F4BF-4F9C-A539-20D94F1D613A}.Release|x86.Build.0 = Release|Any CPU
		{0AC6E8D6-3FF3-4CAC-8CCE-CD7795F2955C}.Debug|Any CPU.ActiveCfg = Debug|Any CPU
		{0AC6E8D6-3FF3-4CAC-8CCE-CD7795F2955C}.Debug|Any CPU.Build.0 = Debug|Any CPU
		{0AC6E8D6-3FF3-4CAC-8CCE-CD7795F2955C}.Debug|x86.ActiveCfg = Debug|Any CPU
		{0AC6E8D6-3FF3-4CAC-8CCE-CD7795F2955C}.Debug|x86.Build.0 = Debug|Any CPU
		{0AC6E8D6-3FF3-4CAC-8CCE-CD7795F2955C}.Release|Any CPU.ActiveCfg = Release|Any CPU
		{0AC6E8D6-3FF3-4CAC-8CCE-CD7795F2955C}.Release|Any CPU.Build.0 = Release|Any CPU
		{0AC6E8D6-3FF3-4CAC-8CCE-CD7795F2955C}.Release|x86.ActiveCfg = Release|Any CPU
		{0AC6E8D6-3FF3-4CAC-8CCE-CD7795F2955C}.Release|x86.Build.0 = Release|Any CPU
		{8EE4F75C-EBEA-4715-88CB-720670847970}.Debug|Any CPU.ActiveCfg = Debug|Any CPU
		{8EE4F75C-EBEA-4715-88CB-720670847970}.Debug|Any CPU.Build.0 = Debug|Any CPU
		{8EE4F75C-EBEA-4715-88CB-720670847970}.Debug|x86.ActiveCfg = Debug|Any CPU
		{8EE4F75C-EBEA-4715-88CB-720670847970}.Debug|x86.Build.0 = Debug|Any CPU
		{8EE4F75C-EBEA-4715-88CB-720670847970}.Release|Any CPU.ActiveCfg = Release|Any CPU
		{8EE4F75C-EBEA-4715-88CB-720670847970}.Release|Any CPU.Build.0 = Release|Any CPU
		{8EE4F75C-EBEA-4715-88CB-720670847970}.Release|x86.ActiveCfg = Release|Any CPU
		{8EE4F75C-EBEA-4715-88CB-720670847970}.Release|x86.Build.0 = Release|Any CPU
		{20812334-5F29-4B67-A8C3-5F2874F98DC7}.Debug|Any CPU.ActiveCfg = Debug|Any CPU
		{20812334-5F29-4B67-A8C3-5F2874F98DC7}.Debug|Any CPU.Build.0 = Debug|Any CPU
		{20812334-5F29-4B67-A8C3-5F2874F98DC7}.Debug|x86.ActiveCfg = Debug|Any CPU
		{20812334-5F29-4B67-A8C3-5F2874F98DC7}.Debug|x86.Build.0 = Debug|Any CPU
		{20812334-5F29-4B67-A8C3-5F2874F98DC7}.Release|Any CPU.ActiveCfg = Release|Any CPU
		{20812334-5F29-4B67-A8C3-5F2874F98DC7}.Release|Any CPU.Build.0 = Release|Any CPU
		{20812334-5F29-4B67-A8C3-5F2874F98DC7}.Release|x86.ActiveCfg = Release|Any CPU
		{20812334-5F29-4B67-A8C3-5F2874F98DC7}.Release|x86.Build.0 = Release|Any CPU
		{03F7098C-3C1B-4160-AC8B-93F576707EFC}.Debug|Any CPU.ActiveCfg = Debug|Any CPU
		{03F7098C-3C1B-4160-AC8B-93F576707EFC}.Debug|Any CPU.Build.0 = Debug|Any CPU
		{03F7098C-3C1B-4160-AC8B-93F576707EFC}.Debug|x86.ActiveCfg = Debug|Any CPU
		{03F7098C-3C1B-4160-AC8B-93F576707EFC}.Debug|x86.Build.0 = Debug|Any CPU
		{03F7098C-3C1B-4160-AC8B-93F576707EFC}.Release|Any CPU.ActiveCfg = Release|Any CPU
		{03F7098C-3C1B-4160-AC8B-93F576707EFC}.Release|Any CPU.Build.0 = Release|Any CPU
		{03F7098C-3C1B-4160-AC8B-93F576707EFC}.Release|x86.ActiveCfg = Release|Any CPU
		{03F7098C-3C1B-4160-AC8B-93F576707EFC}.Release|x86.Build.0 = Release|Any CPU
		{E970411B-FF9D-47D5-9577-EFD4F571C593}.Debug|Any CPU.ActiveCfg = Debug|Any CPU
		{E970411B-FF9D-47D5-9577-EFD4F571C593}.Debug|Any CPU.Build.0 = Debug|Any CPU
		{E970411B-FF9D-47D5-9577-EFD4F571C593}.Debug|x86.ActiveCfg = Debug|Any CPU
		{E970411B-FF9D-47D5-9577-EFD4F571C593}.Debug|x86.Build.0 = Debug|Any CPU
		{E970411B-FF9D-47D5-9577-EFD4F571C593}.Release|Any CPU.ActiveCfg = Release|Any CPU
		{E970411B-FF9D-47D5-9577-EFD4F571C593}.Release|Any CPU.Build.0 = Release|Any CPU
		{E970411B-FF9D-47D5-9577-EFD4F571C593}.Release|x86.ActiveCfg = Release|Any CPU
		{E970411B-FF9D-47D5-9577-EFD4F571C593}.Release|x86.Build.0 = Release|Any CPU
		{D3845AD5-05F4-4222-A366-CE4BA9BDBC96}.Debug|Any CPU.ActiveCfg = Debug|Any CPU
		{D3845AD5-05F4-4222-A366-CE4BA9BDBC96}.Debug|Any CPU.Build.0 = Debug|Any CPU
		{D3845AD5-05F4-4222-A366-CE4BA9BDBC96}.Debug|x86.ActiveCfg = Debug|Any CPU
		{D3845AD5-05F4-4222-A366-CE4BA9BDBC96}.Debug|x86.Build.0 = Debug|Any CPU
		{D3845AD5-05F4-4222-A366-CE4BA9BDBC96}.Release|Any CPU.ActiveCfg = Release|Any CPU
		{D3845AD5-05F4-4222-A366-CE4BA9BDBC96}.Release|Any CPU.Build.0 = Release|Any CPU
		{D3845AD5-05F4-4222-A366-CE4BA9BDBC96}.Release|x86.ActiveCfg = Release|Any CPU
		{D3845AD5-05F4-4222-A366-CE4BA9BDBC96}.Release|x86.Build.0 = Release|Any CPU
		{BAE266AC-3463-47AF-A345-C88B37A9688C}.Debug|Any CPU.ActiveCfg = Debug|Any CPU
		{BAE266AC-3463-47AF-A345-C88B37A9688C}.Debug|Any CPU.Build.0 = Debug|Any CPU
		{BAE266AC-3463-47AF-A345-C88B37A9688C}.Debug|x86.ActiveCfg = Debug|Any CPU
		{BAE266AC-3463-47AF-A345-C88B37A9688C}.Debug|x86.Build.0 = Debug|Any CPU
		{BAE266AC-3463-47AF-A345-C88B37A9688C}.Release|Any CPU.ActiveCfg = Release|Any CPU
		{BAE266AC-3463-47AF-A345-C88B37A9688C}.Release|Any CPU.Build.0 = Release|Any CPU
		{BAE266AC-3463-47AF-A345-C88B37A9688C}.Release|x86.ActiveCfg = Release|Any CPU
		{BAE266AC-3463-47AF-A345-C88B37A9688C}.Release|x86.Build.0 = Release|Any CPU
		{22B2381D-854A-4204-9914-D156C4240904}.Debug|Any CPU.ActiveCfg = Debug|Any CPU
		{22B2381D-854A-4204-9914-D156C4240904}.Debug|Any CPU.Build.0 = Debug|Any CPU
		{22B2381D-854A-4204-9914-D156C4240904}.Debug|x86.ActiveCfg = Debug|Any CPU
		{22B2381D-854A-4204-9914-D156C4240904}.Debug|x86.Build.0 = Debug|Any CPU
		{22B2381D-854A-4204-9914-D156C4240904}.Release|Any CPU.ActiveCfg = Release|Any CPU
		{22B2381D-854A-4204-9914-D156C4240904}.Release|Any CPU.Build.0 = Release|Any CPU
		{22B2381D-854A-4204-9914-D156C4240904}.Release|x86.ActiveCfg = Release|Any CPU
		{22B2381D-854A-4204-9914-D156C4240904}.Release|x86.Build.0 = Release|Any CPU
		{62E1073E-2AFD-4811-A288-C7B80C74F78B}.Debug|Any CPU.ActiveCfg = Debug|Any CPU
		{62E1073E-2AFD-4811-A288-C7B80C74F78B}.Debug|Any CPU.Build.0 = Debug|Any CPU
		{62E1073E-2AFD-4811-A288-C7B80C74F78B}.Debug|x86.ActiveCfg = Debug|Any CPU
		{62E1073E-2AFD-4811-A288-C7B80C74F78B}.Debug|x86.Build.0 = Debug|Any CPU
		{62E1073E-2AFD-4811-A288-C7B80C74F78B}.Release|Any CPU.ActiveCfg = Release|Any CPU
		{62E1073E-2AFD-4811-A288-C7B80C74F78B}.Release|Any CPU.Build.0 = Release|Any CPU
		{62E1073E-2AFD-4811-A288-C7B80C74F78B}.Release|x86.ActiveCfg = Release|Any CPU
		{62E1073E-2AFD-4811-A288-C7B80C74F78B}.Release|x86.Build.0 = Release|Any CPU
		{564B7CBC-2C63-4918-90D3-D7B58374F74B}.Debug|Any CPU.ActiveCfg = Debug|Any CPU
		{564B7CBC-2C63-4918-90D3-D7B58374F74B}.Debug|Any CPU.Build.0 = Debug|Any CPU
		{564B7CBC-2C63-4918-90D3-D7B58374F74B}.Debug|x86.ActiveCfg = Debug|Any CPU
		{564B7CBC-2C63-4918-90D3-D7B58374F74B}.Debug|x86.Build.0 = Debug|Any CPU
		{564B7CBC-2C63-4918-90D3-D7B58374F74B}.Release|Any CPU.ActiveCfg = Release|Any CPU
		{564B7CBC-2C63-4918-90D3-D7B58374F74B}.Release|Any CPU.Build.0 = Release|Any CPU
		{564B7CBC-2C63-4918-90D3-D7B58374F74B}.Release|x86.ActiveCfg = Release|Any CPU
		{564B7CBC-2C63-4918-90D3-D7B58374F74B}.Release|x86.Build.0 = Release|Any CPU
		{9C81E979-9B38-473A-BE24-1324F36E4084}.Debug|Any CPU.ActiveCfg = Debug|Any CPU
		{9C81E979-9B38-473A-BE24-1324F36E4084}.Debug|Any CPU.Build.0 = Debug|Any CPU
		{9C81E979-9B38-473A-BE24-1324F36E4084}.Debug|x86.ActiveCfg = Debug|Any CPU
		{9C81E979-9B38-473A-BE24-1324F36E4084}.Debug|x86.Build.0 = Debug|Any CPU
		{9C81E979-9B38-473A-BE24-1324F36E4084}.Release|Any CPU.ActiveCfg = Release|Any CPU
		{9C81E979-9B38-473A-BE24-1324F36E4084}.Release|Any CPU.Build.0 = Release|Any CPU
		{9C81E979-9B38-473A-BE24-1324F36E4084}.Release|x86.ActiveCfg = Release|Any CPU
		{9C81E979-9B38-473A-BE24-1324F36E4084}.Release|x86.Build.0 = Release|Any CPU
		{EF608DEB-3E33-494A-9412-F9346A26ABCB}.Debug|Any CPU.ActiveCfg = Debug|Any CPU
		{EF608DEB-3E33-494A-9412-F9346A26ABCB}.Debug|Any CPU.Build.0 = Debug|Any CPU
		{EF608DEB-3E33-494A-9412-F9346A26ABCB}.Debug|x86.ActiveCfg = Debug|Any CPU
		{EF608DEB-3E33-494A-9412-F9346A26ABCB}.Debug|x86.Build.0 = Debug|Any CPU
		{EF608DEB-3E33-494A-9412-F9346A26ABCB}.Release|Any CPU.ActiveCfg = Release|Any CPU
		{EF608DEB-3E33-494A-9412-F9346A26ABCB}.Release|Any CPU.Build.0 = Release|Any CPU
		{EF608DEB-3E33-494A-9412-F9346A26ABCB}.Release|x86.ActiveCfg = Release|Any CPU
		{EF608DEB-3E33-494A-9412-F9346A26ABCB}.Release|x86.Build.0 = Release|Any CPU
		{81B51E69-96ED-4AB5-9266-E426FA4F5637}.Debug|Any CPU.ActiveCfg = Debug|Any CPU
		{81B51E69-96ED-4AB5-9266-E426FA4F5637}.Debug|Any CPU.Build.0 = Debug|Any CPU
		{81B51E69-96ED-4AB5-9266-E426FA4F5637}.Debug|x86.ActiveCfg = Debug|Any CPU
		{81B51E69-96ED-4AB5-9266-E426FA4F5637}.Debug|x86.Build.0 = Debug|Any CPU
		{81B51E69-96ED-4AB5-9266-E426FA4F5637}.Release|Any CPU.ActiveCfg = Release|Any CPU
		{81B51E69-96ED-4AB5-9266-E426FA4F5637}.Release|Any CPU.Build.0 = Release|Any CPU
		{81B51E69-96ED-4AB5-9266-E426FA4F5637}.Release|x86.ActiveCfg = Release|Any CPU
		{81B51E69-96ED-4AB5-9266-E426FA4F5637}.Release|x86.Build.0 = Release|Any CPU
	EndGlobalSection
	GlobalSection(SolutionProperties) = preSolution
		HideSolutionNode = FALSE
	EndGlobalSection
	GlobalSection(ExtensibilityGlobals) = postSolution
		SolutionGuid = {FDE96B36-D0C8-47F1-97ED-BF5C76FCF73F}
	EndGlobalSection
EndGlobal
